PODS:
  - Expecta (1.0.2)
  - OHHTTPStubs (4.2.0):
    - OHHTTPStubs/Default (= 4.2.0)
  - OHHTTPStubs/Core (4.2.0)
  - OHHTTPStubs/Default (4.2.0):
    - OHHTTPStubs/Core
    - OHHTTPStubs/JSON
    - OHHTTPStubs/NSURLSession
    - OHHTTPStubs/OHPathHelpers
  - OHHTTPStubs/JSON (4.2.0):
    - OHHTTPStubs/Core
  - OHHTTPStubs/NSURLSession (4.2.0):
    - OHHTTPStubs/Core
  - OHHTTPStubs/OHPathHelpers (4.2.0)
  - Specta (1.0.3)
  - STTwitter (0.2.2)

DEPENDENCIES:
  - Expecta
  - OHHTTPStubs
  - Specta
  - STTwitter

SPEC CHECKSUMS:
  Expecta: 54e8a3530add08f4f0208c111355eda7cde74a53
  OHHTTPStubs: f639130b83fb5f4f022d38f841141b0a6fa77249
  Specta: cf3e4188cf35375c3ee2cd03f8db8f1f4ef98234
  STTwitter: eb85d8770ddb0f8989f341cf41ea875e90ac6e7f

COCOAPODS: 0.38.2
